
Microsoft Visual Studio Solution File, Format Version 12.00
# Visual Studio Version 17
VisualStudioVersion = 17.9.34728.123
MinimumVisualStudioVersion = 10.0.40219.1
Project("{FAE04EC0-301F-11D3-BF4B-00C04F79EFBC}") = "Empresa", "Empresa\Empresa.csproj", "{ACC3A58C-589F-4CD3-8ED6-51DF395DBF24}"
EndProject
Global
	GlobalSection(SolutionConfigurationPlatforms) = preSolution
		Debug|Any CPU = Debug|Any CPU
		Release|Any CPU = Release|Any CPU
	EndGlobalSection
	GlobalSection(ProjectConfigurationPlatforms) = postSolution
		{ACC3A58C-589F-4CD3-8ED6-51DF395DBF24}.Debug|Any CPU.ActiveCfg = Debug|Any CPU
		{ACC3A58C-589F-4CD3-8ED6-51DF395DBF24}.Debug|Any CPU.Build.0 = Debug|Any CPU
		{ACC3A58C-589F-4CD3-8ED6-51DF395DBF24}.Release|Any CPU.ActiveCfg = Release|Any CPU
		{ACC3A58C-589F-4CD3-8ED6-51DF395DBF24}.Release|Any CPU.Build.0 = Release|Any CPU
	EndGlobalSection
	GlobalSection(SolutionProperties) = preSolution
		HideSolutionNode = FALSE
	EndGlobalSection
	GlobalSection(ExtensibilityGlobals) = postSolution
		SolutionGuid = {F5A5FFCB-97E7-4A75-8253-30C992FAD71F}
	EndGlobalSection
EndGlobal
